
Microsoft Visual Studio Solution File, Format Version 12.00
Project("{FAE04EC0-301F-11D3-BF4B-00C04F79EFBC}") = "Tests", "Tests\Tests.csproj", "{731417E3-7A33-4DA8-87F1-97840036609E}"
EndProject
Project("{2150E333-8FDC-42A3-9474-1A3956D46DE8}") = "Source", "Source", "{318139EC-0F93-4B73-AB36-FB6EDCD392AE}"
EndProject
Project("{2150E333-8FDC-42A3-9474-1A3956D46DE8}") = "Test", "Test", "{144DE3D2-8786-47F3-86DA-F959A7EFAEA8}"
EndProject
Project("{FAE04EC0-301F-11D3-BF4B-00C04F79EFBC}") = "AdventOfCode2025", "Source\AdventOfCode2025\AdventOfCode2025.csproj", "{1435D783-2C53-4D5C-8547-0FC55FF12B50}"
EndProject
Project("{FAE04EC0-301F-11D3-BF4B-00C04F79EFBC}") = "AdventOfCode2024", "Source\AdventOfCode2024\AdventOfCode2024.csproj", "{806FA160-30BC-43E2-9D77-2D38A8615F4D}"
EndProject
Project("{FAE04EC0-301F-11D3-BF4B-00C04F79EFBC}") = "AdventOfCode2023", "Source\AdventOfCode2023\AdventOfCode2023.csproj", "{081F7AD9-EB6F-47DD-B425-9E3F3D0DA444}"
EndProject
Global
	GlobalSection(SolutionConfigurationPlatforms) = preSolution
		Debug|Any CPU = Debug|Any CPU
		Release|Any CPU = Release|Any CPU
	EndGlobalSection
	GlobalSection(ProjectConfigurationPlatforms) = postSolution
		{731417E3-7A33-4DA8-87F1-97840036609E}.Debug|Any CPU.ActiveCfg = Debug|Any CPU
		{731417E3-7A33-4DA8-87F1-97840036609E}.Debug|Any CPU.Build.0 = Debug|Any CPU
		{731417E3-7A33-4DA8-87F1-97840036609E}.Release|Any CPU.ActiveCfg = Release|Any CPU
		{731417E3-7A33-4DA8-87F1-97840036609E}.Release|Any CPU.Build.0 = Release|Any CPU
		{1435D783-2C53-4D5C-8547-0FC55FF12B50}.Debug|Any CPU.ActiveCfg = Debug|Any CPU
		{1435D783-2C53-4D5C-8547-0FC55FF12B50}.Debug|Any CPU.Build.0 = Debug|Any CPU
		{1435D783-2C53-4D5C-8547-0FC55FF12B50}.Release|Any CPU.ActiveCfg = Release|Any CPU
		{1435D783-2C53-4D5C-8547-0FC55FF12B50}.Release|Any CPU.Build.0 = Release|Any CPU
		{806FA160-30BC-43E2-9D77-2D38A8615F4D}.Debug|Any CPU.ActiveCfg = Debug|Any CPU
		{806FA160-30BC-43E2-9D77-2D38A8615F4D}.Debug|Any CPU.Build.0 = Debug|Any CPU
		{806FA160-30BC-43E2-9D77-2D38A8615F4D}.Release|Any CPU.ActiveCfg = Release|Any CPU
		{806FA160-30BC-43E2-9D77-2D38A8615F4D}.Release|Any CPU.Build.0 = Release|Any CPU
		{081F7AD9-EB6F-47DD-B425-9E3F3D0DA444}.Debug|Any CPU.ActiveCfg = Debug|Any CPU
		{081F7AD9-EB6F-47DD-B425-9E3F3D0DA444}.Debug|Any CPU.Build.0 = Debug|Any CPU
		{081F7AD9-EB6F-47DD-B425-9E3F3D0DA444}.Release|Any CPU.ActiveCfg = Release|Any CPU
		{081F7AD9-EB6F-47DD-B425-9E3F3D0DA444}.Release|Any CPU.Build.0 = Release|Any CPU
	EndGlobalSection
	GlobalSection(NestedProjects) = preSolution
		{731417E3-7A33-4DA8-87F1-97840036609E} = {144DE3D2-8786-47F3-86DA-F959A7EFAEA8}
		{1435D783-2C53-4D5C-8547-0FC55FF12B50} = {318139EC-0F93-4B73-AB36-FB6EDCD392AE}
		{806FA160-30BC-43E2-9D77-2D38A8615F4D} = {318139EC-0F93-4B73-AB36-FB6EDCD392AE}
		{081F7AD9-EB6F-47DD-B425-9E3F3D0DA444} = {318139EC-0F93-4B73-AB36-FB6EDCD392AE}
	EndGlobalSection
EndGlobal
